// !$*UTF8*$!
{
	archiveVersion = 1;
	classes = {
	};
	objectVersion = 55;
	objects = {

/* Begin PBXBuildFile section */
		6885AABB28D781AC009D4039 /* AppDelegate.swift in Sources */ = {isa = PBXBuildFile; fileRef = 6885AABA28D781AC009D4039 /* AppDelegate.swift */; };
		6885AABF28D781AC009D4039 /* ViewController.swift in Sources */ = {isa = PBXBuildFile; fileRef = 6885AABE28D781AC009D4039 /* ViewController.swift */; };
		6885AAC428D781AD009D4039 /* Assets.xcassets in Resources */ = {isa = PBXBuildFile; fileRef = 6885AAC328D781AD009D4039 /* Assets.xcassets */; };
		6885AAC728D781AD009D4039 /* LaunchScreen.storyboard in Resources */ = {isa = PBXBuildFile; fileRef = 6885AAC528D781AD009D4039 /* LaunchScreen.storyboard */; };
		6885AAD328D78207009D4039 /* Model.swift in Sources */ = {isa = PBXBuildFile; fileRef = 6885AAD228D78207009D4039 /* Model.swift */; };
		6885AAD528D78251009D4039 /* CalculatorViewController.swift in Sources */ = {isa = PBXBuildFile; fileRef = 6885AAD428D78251009D4039 /* CalculatorViewController.swift */; };
		6890911928DCA4F200CF29E1 /* CalculatorProgrammaticallyTests.swift in Sources */ = {isa = PBXBuildFile; fileRef = 6890911828DCA4F200CF29E1 /* CalculatorProgrammaticallyTests.swift */; };
		68FD894228DD57310019DEB1 /* CalculatorViewController+Engineer.swift in Sources */ = {isa = PBXBuildFile; fileRef = 68FD894128DD57310019DEB1 /* CalculatorViewController+Engineer.swift */; };
/* End PBXBuildFile section */

/* Begin PBXContainerItemProxy section */
		6890911A28DCA4F200CF29E1 /* PBXContainerItemProxy */ = {
			isa = PBXContainerItemProxy;
			containerPortal = 6885AAAF28D781AC009D4039 /* Project object */;
			proxyType = 1;
			remoteGlobalIDString = 6885AAB628D781AC009D4039;
			remoteInfo = CalculatorProgrammatically;
		};
/* End PBXContainerItemProxy section */

/* Begin PBXFileReference section */
		6885AAB728D781AC009D4039 /* CalculatorProgrammatically.app */ = {isa = PBXFileReference; explicitFileType = wrapper.application; includeInIndex = 0; path = CalculatorProgrammatically.app; sourceTree = BUILT_PRODUCTS_DIR; };
		6885AABA28D781AC009D4039 /* AppDelegate.swift */ = {isa = PBXFileReference; lastKnownFileType = sourcecode.swift; path = AppDelegate.swift; sourceTree = "<group>"; };
		6885AABE28D781AC009D4039 /* ViewController.swift */ = {isa = PBXFileReference; lastKnownFileType = sourcecode.swift; path = ViewController.swift; sourceTree = "<group>"; };
		6885AAC328D781AD009D4039 /* Assets.xcassets */ = {isa = PBXFileReference; lastKnownFileType = folder.assetcatalog; path = Assets.xcassets; sourceTree = "<group>"; };
		6885AAC628D781AD009D4039 /* Base */ = {isa = PBXFileReference; lastKnownFileType = file.storyboard; name = Base; path = Base.lproj/LaunchScreen.storyboard; sourceTree = "<group>"; };
		6885AAC828D781AD009D4039 /* Info.plist */ = {isa = PBXFileReference; lastKnownFileType = text.plist.xml; path = Info.plist; sourceTree = "<group>"; };
		6885AAD228D78207009D4039 /* Model.swift */ = {isa = PBXFileReference; lastKnownFileType = sourcecode.swift; path = Model.swift; sourceTree = "<group>"; };
		6885AAD428D78251009D4039 /* CalculatorViewController.swift */ = {isa = PBXFileReference; lastKnownFileType = sourcecode.swift; path = CalculatorViewController.swift; sourceTree = "<group>"; };
		6890911628DCA4F200CF29E1 /* CalculatorProgrammaticallyTests.xctest */ = {isa = PBXFileReference; explicitFileType = wrapper.cfbundle; includeInIndex = 0; path = CalculatorProgrammaticallyTests.xctest; sourceTree = BUILT_PRODUCTS_DIR; };
		6890911828DCA4F200CF29E1 /* CalculatorProgrammaticallyTests.swift */ = {isa = PBXFileReference; lastKnownFileType = sourcecode.swift; path = CalculatorProgrammaticallyTests.swift; sourceTree = "<group>"; };
		68FD894128DD57310019DEB1 /* CalculatorViewController+Engineer.swift */ = {isa = PBXFileReference; lastKnownFileType = sourcecode.swift; path = "CalculatorViewController+Engineer.swift"; sourceTree = "<group>"; };
/* End PBXFileReference section */

/* Begin PBXFrameworksBuildPhase section */
		6885AAB428D781AC009D4039 /* Frameworks */ = {
			isa = PBXFrameworksBuildPhase;
			buildActionMask = 2147483647;
			files = (
			);
			runOnlyForDeploymentPostprocessing = 0;
		};
		6890911328DCA4F200CF29E1 /* Frameworks */ = {
			isa = PBXFrameworksBuildPhase;
			buildActionMask = 2147483647;
			files = (
			);
			runOnlyForDeploymentPostprocessing = 0;
		};
/* End PBXFrameworksBuildPhase section */

/* Begin PBXGroup section */
		6885AAAE28D781AC009D4039 = {
			isa = PBXGroup;
			children = (
				6885AAB928D781AC009D4039 /* CalculatorProgrammatically */,
				6890911728DCA4F200CF29E1 /* CalculatorProgrammaticallyTests */,
				6885AAB828D781AC009D4039 /* Products */,
			);
			sourceTree = "<group>";
		};
		6885AAB828D781AC009D4039 /* Products */ = {
			isa = PBXGroup;
			children = (
				6885AAB728D781AC009D4039 /* CalculatorProgrammatically.app */,
				6890911628DCA4F200CF29E1 /* CalculatorProgrammaticallyTests.xctest */,
			);
			name = Products;
			sourceTree = "<group>";
		};
		6885AAB928D781AC009D4039 /* CalculatorProgrammatically */ = {
			isa = PBXGroup;
			children = (
				6885AABA28D781AC009D4039 /* AppDelegate.swift */,
				6885AAD128D781F3009D4039 /* Model */,
				6885AAD028D781E9009D4039 /* View */,
				6885AACF28D781E2009D4039 /* Controller */,
				6885AACE28D781CD009D4039 /* Files */,
			);
			path = CalculatorProgrammatically;
			sourceTree = "<group>";
		};
		6885AACE28D781CD009D4039 /* Files */ = {
			isa = PBXGroup;
			children = (
				6885AAC328D781AD009D4039 /* Assets.xcassets */,
				6885AAC528D781AD009D4039 /* LaunchScreen.storyboard */,
				6885AAC828D781AD009D4039 /* Info.plist */,
			);
			name = Files;
			sourceTree = "<group>";
		};
		6885AACF28D781E2009D4039 /* Controller */ = {
			isa = PBXGroup;
			children = (
				6885AABE28D781AC009D4039 /* ViewController.swift */,
			);
			name = Controller;
			sourceTree = "<group>";
		};
		6885AAD028D781E9009D4039 /* View */ = {
			isa = PBXGroup;
			children = (
				6885AAD428D78251009D4039 /* CalculatorViewController.swift */,
				68FD894128DD57310019DEB1 /* CalculatorViewController+Engineer.swift */,
			);
			name = View;
			sourceTree = "<group>";
		};
		6885AAD128D781F3009D4039 /* Model */ = {
			isa = PBXGroup;
			children = (
				6885AAD228D78207009D4039 /* Model.swift */,
			);
			name = Model;
			sourceTree = "<group>";
		};
		6890911728DCA4F200CF29E1 /* CalculatorProgrammaticallyTests */ = {
			isa = PBXGroup;
			children = (
				6890911828DCA4F200CF29E1 /* CalculatorProgrammaticallyTests.swift */,
			);
			path = CalculatorProgrammaticallyTests;
			sourceTree = "<group>";
		};
/* End PBXGroup section */

/* Begin PBXNativeTarget section */
		6885AAB628D781AC009D4039 /* CalculatorProgrammatically */ = {
			isa = PBXNativeTarget;
			buildConfigurationList = 6885AACB28D781AD009D4039 /* Build configuration list for PBXNativeTarget "CalculatorProgrammatically" */;
			buildPhases = (
				6885AAB328D781AC009D4039 /* Sources */,
				6885AAB428D781AC009D4039 /* Frameworks */,
				6885AAB528D781AC009D4039 /* Resources */,
			);
			buildRules = (
			);
			dependencies = (
			);
			name = CalculatorProgrammatically;
			productName = CalculatorProgrammatically;
			productReference = 6885AAB728D781AC009D4039 /* CalculatorProgrammatically.app */;
			productType = "com.apple.product-type.application";
		};
		6890911528DCA4F200CF29E1 /* CalculatorProgrammaticallyTests */ = {
			isa = PBXNativeTarget;
			buildConfigurationList = 6890911E28DCA4F200CF29E1 /* Build configuration list for PBXNativeTarget "CalculatorProgrammaticallyTests" */;
			buildPhases = (
				6890911228DCA4F200CF29E1 /* Sources */,
				6890911328DCA4F200CF29E1 /* Frameworks */,
				6890911428DCA4F200CF29E1 /* Resources */,
			);
			buildRules = (
			);
			dependencies = (
				6890911B28DCA4F200CF29E1 /* PBXTargetDependency */,
			);
			name = CalculatorProgrammaticallyTests;
			productName = CalculatorProgrammaticallyTests;
			productReference = 6890911628DCA4F200CF29E1 /* CalculatorProgrammaticallyTests.xctest */;
			productType = "com.apple.product-type.bundle.unit-test";
		};
/* End PBXNativeTarget section */

/* Begin PBXProject section */
		6885AAAF28D781AC009D4039 /* Project object */ = {
			isa = PBXProject;
			attributes = {
				BuildIndependentTargetsInParallel = 1;
				LastSwiftUpdateCheck = 1340;
				LastUpgradeCheck = 1340;
				TargetAttributes = {
					6885AAB628D781AC009D4039 = {
						CreatedOnToolsVersion = 13.4;
					};
					6890911528DCA4F200CF29E1 = {
						CreatedOnToolsVersion = 13.4;
						TestTargetID = 6885AAB628D781AC009D4039;
					};
				};
			};
			buildConfigurationList = 6885AAB228D781AC009D4039 /* Build configuration list for PBXProject "CalculatorProgrammatically" */;
			compatibilityVersion = "Xcode 13.0";
			developmentRegion = en;
			hasScannedForEncodings = 0;
			knownRegions = (
				en,
				Base,
			);
			mainGroup = 6885AAAE28D781AC009D4039;
			productRefGroup = 6885AAB828D781AC009D4039 /* Products */;
			projectDirPath = "";
			projectRoot = "";
			targets = (
				6885AAB628D781AC009D4039 /* CalculatorProgrammatically */,
				6890911528DCA4F200CF29E1 /* CalculatorProgrammaticallyTests */,
			);
		};
/* End PBXProject section */

/* Begin PBXResourcesBuildPhase section */
		6885AAB528D781AC009D4039 /* Resources */ = {
			isa = PBXResourcesBuildPhase;
			buildActionMask = 2147483647;
			files = (
				6885AAC728D781AD009D4039 /* LaunchScreen.storyboard in Resources */,
				6885AAC428D781AD009D4039 /* Assets.xcassets in Resources */,
			);
			runOnlyForDeploymentPostprocessing = 0;
		};
		6890911428DCA4F200CF29E1 /* Resources */ = {
			isa = PBXResourcesBuildPhase;
			buildActionMask = 2147483647;
			files = (
			);
			runOnlyForDeploymentPostprocessing = 0;
		};
/* End PBXResourcesBuildPhase section */

/* Begin PBXSourcesBuildPhase section */
		6885AAB328D781AC009D4039 /* Sources */ = {
			isa = PBXSourcesBuildPhase;
			buildActionMask = 2147483647;
			files = (
				6885AAD328D78207009D4039 /* Model.swift in Sources */,
				6885AABF28D781AC009D4039 /* ViewController.swift in Sources */,
				68FD894228DD57310019DEB1 /* CalculatorViewController+Engineer.swift in Sources */,
				6885AAD528D78251009D4039 /* CalculatorViewController.swift in Sources */,
				6885AABB28D781AC009D4039 /* AppDelegate.swift in Sources */,
			);
			runOnlyForDeploymentPostprocessing = 0;
		};
		6890911228DCA4F200CF29E1 /* Sources */ = {
			isa = PBXSourcesBuildPhase;
			buildActionMask = 2147483647;
			files = (
				6890911928DCA4F200CF29E1 /* CalculatorProgrammaticallyTests.swift in Sources */,
			);
			runOnlyForDeploymentPostprocessing = 0;
		};
/* End PBXSourcesBuildPhase section */

/* Begin PBXTargetDependency section */
		6890911B28DCA4F200CF29E1 /* PBXTargetDependency */ = {
			isa = PBXTargetDependency;
			target = 6885AAB628D781AC009D4039 /* CalculatorProgrammatically */;
			targetProxy = 6890911A28DCA4F200CF29E1 /* PBXContainerItemProxy */;
		};
/* End PBXTargetDependency section */

/* Begin PBXVariantGroup section */
		6885AAC528D781AD009D4039 /* LaunchScreen.storyboard */ = {
			isa = PBXVariantGroup;
			children = (
				6885AAC628D781AD009D4039 /* Base */,
			);
			name = LaunchScreen.storyboard;
			sourceTree = "<group>";
		};
/* End PBXVariantGroup section */

/* Begin XCBuildConfiguration section */
		6885AAC928D781AD009D4039 /* Debug */ = {
			isa = XCBuildConfiguration;
			buildSettings = {
				ALWAYS_SEARCH_USER_PATHS = NO;
				CLANG_ANALYZER_NONNULL = YES;
				CLANG_ANALYZER_NUMBER_OBJECT_CONVERSION = YES_AGGRESSIVE;
				CLANG_CXX_LANGUAGE_STANDARD = "gnu++17";
				CLANG_ENABLE_MODULES = YES;
				CLANG_ENABLE_OBJC_ARC = YES;
				CLANG_ENABLE_OBJC_WEAK = YES;
				CLANG_WARN_BLOCK_CAPTURE_AUTORELEASING = YES;
				CLANG_WARN_BOOL_CONVERSION = YES;
				CLANG_WARN_COMMA = YES;
				CLANG_WARN_CONSTANT_CONVERSION = YES;
				CLANG_WARN_DEPRECATED_OBJC_IMPLEMENTATIONS = YES;
				CLANG_WARN_DIRECT_OBJC_ISA_USAGE = YES_ERROR;
				CLANG_WARN_DOCUMENTATION_COMMENTS = YES;
				CLANG_WARN_EMPTY_BODY = YES;
				CLANG_WARN_ENUM_CONVERSION = YES;
				CLANG_WARN_INFINITE_RECURSION = YES;
				CLANG_WARN_INT_CONVERSION = YES;
				CLANG_WARN_NON_LITERAL_NULL_CONVERSION = YES;
				CLANG_WARN_OBJC_IMPLICIT_RETAIN_SELF = YES;
				CLANG_WARN_OBJC_LITERAL_CONVERSION = YES;
				CLANG_WARN_OBJC_ROOT_CLASS = YES_ERROR;
				CLANG_WARN_QUOTED_INCLUDE_IN_FRAMEWORK_HEADER = YES;
				CLANG_WARN_RANGE_LOOP_ANALYSIS = YES;
				CLANG_WARN_STRICT_PROTOTYPES = YES;
				CLANG_WARN_SUSPICIOUS_MOVE = YES;
				CLANG_WARN_UNGUARDED_AVAILABILITY = YES_AGGRESSIVE;
				CLANG_WARN_UNREACHABLE_CODE = YES;
				CLANG_WARN__DUPLICATE_METHOD_MATCH = YES;
				COPY_PHASE_STRIP = NO;
				DEBUG_INFORMATION_FORMAT = dwarf;
				ENABLE_STRICT_OBJC_MSGSEND = YES;
				ENABLE_TESTABILITY = YES;
				GCC_C_LANGUAGE_STANDARD = gnu11;
				GCC_DYNAMIC_NO_PIC = NO;
				GCC_NO_COMMON_BLOCKS = YES;
				GCC_OPTIMIZATION_LEVEL = 0;
				GCC_PREPROCESSOR_DEFINITIONS = (
					"DEBUG=1",
					"$(inherited)",
				);
				GCC_WARN_64_TO_32_BIT_CONVERSION = YES;
				GCC_WARN_ABOUT_RETURN_TYPE = YES_ERROR;
				GCC_WARN_UNDECLARED_SELECTOR = YES;
				GCC_WARN_UNINITIALIZED_AUTOS = YES_AGGRESSIVE;
				GCC_WARN_UNUSED_FUNCTION = YES;
				GCC_WARN_UNUSED_VARIABLE = YES;
				IPHONEOS_DEPLOYMENT_TARGET = 15.5;
				MTL_ENABLE_DEBUG_INFO = INCLUDE_SOURCE;
				MTL_FAST_MATH = YES;
				ONLY_ACTIVE_ARCH = YES;
				SDKROOT = iphoneos;
				SWIFT_ACTIVE_COMPILATION_CONDITIONS = DEBUG;
				SWIFT_OPTIMIZATION_LEVEL = "-Onone";
			};
			name = Debug;
		};
		6885AACA28D781AD009D4039 /* Release */ = {
			isa = XCBuildConfiguration;
			buildSettings = {
				ALWAYS_SEARCH_USER_PATHS = NO;
				CLANG_ANALYZER_NONNULL = YES;
				CLANG_ANALYZER_NUMBER_OBJECT_CONVERSION = YES_AGGRESSIVE;
				CLANG_CXX_LANGUAGE_STANDARD = "gnu++17";
				CLANG_ENABLE_MODULES = YES;
				CLANG_ENABLE_OBJC_ARC = YES;
				CLANG_ENABLE_OBJC_WEAK = YES;
				CLANG_WARN_BLOCK_CAPTURE_AUTORELEASING = YES;
				CLANG_WARN_BOOL_CONVERSION = YES;
				CLANG_WARN_COMMA = YES;
				CLANG_WARN_CONSTANT_CONVERSION = YES;
				CLANG_WARN_DEPRECATED_OBJC_IMPLEMENTATIONS = YES;
				CLANG_WARN_DIRECT_OBJC_ISA_USAGE = YES_ERROR;
				CLANG_WARN_DOCUMENTATION_COMMENTS = YES;
				CLANG_WARN_EMPTY_BODY = YES;
				CLANG_WARN_ENUM_CONVERSION = YES;
				CLANG_WARN_INFINITE_RECURSION = YES;
				CLANG_WARN_INT_CONVERSION = YES;
				CLANG_WARN_NON_LITERAL_NULL_CONVERSION = YES;
				CLANG_WARN_OBJC_IMPLICIT_RETAIN_SELF = YES;
				CLANG_WARN_OBJC_LITERAL_CONVERSION = YES;
				CLANG_WARN_OBJC_ROOT_CLASS = YES_ERROR;
				CLANG_WARN_QUOTED_INCLUDE_IN_FRAMEWORK_HEADER = YES;
				CLANG_WARN_RANGE_LOOP_ANALYSIS = YES;
				CLANG_WARN_STRICT_PROTOTYPES = YES;
				CLANG_WARN_SUSPICIOUS_MOVE = YES;
				CLANG_WARN_UNGUARDED_AVAILABILITY = YES_AGGRESSIVE;
				CLANG_WARN_UNREACHABLE_CODE = YES;
				CLANG_WARN__DUPLICATE_METHOD_MATCH = YES;
				COPY_PHASE_STRIP = NO;
				DEBUG_INFORMATION_FORMAT = "dwarf-with-dsym";
				ENABLE_NS_ASSERTIONS = NO;
				ENABLE_STRICT_OBJC_MSGSEND = YES;
				GCC_C_LANGUAGE_STANDARD = gnu11;
				GCC_NO_COMMON_BLOCKS = YES;
				GCC_WARN_64_TO_32_BIT_CONVERSION = YES;
				GCC_WARN_ABOUT_RETURN_TYPE = YES_ERROR;
				GCC_WARN_UNDECLARED_SELECTOR = YES;
				GCC_WARN_UNINITIALIZED_AUTOS = YES_AGGRESSIVE;
				GCC_WARN_UNUSED_FUNCTION = YES;
				GCC_WARN_UNUSED_VARIABLE = YES;
				IPHONEOS_DEPLOYMENT_TARGET = 15.5;
				MTL_ENABLE_DEBUG_INFO = NO;
				MTL_FAST_MATH = YES;
				SDKROOT = iphoneos;
				SWIFT_COMPILATION_MODE = wholemodule;
				SWIFT_OPTIMIZATION_LEVEL = "-O";
				VALIDATE_PRODUCT = YES;
			};
			name = Release;
		};
		6885AACC28D781AD009D4039 /* Debug */ = {
			isa = XCBuildConfiguration;
			buildSettings = {
				ASSETCATALOG_COMPILER_APPICON_NAME = AppIcon;
				ASSETCATALOG_COMPILER_GLOBAL_ACCENT_COLOR_NAME = AccentColor;
				CODE_SIGN_STYLE = Automatic;
				CURRENT_PROJECT_VERSION = 1;
				DEVELOPMENT_TEAM = 3F7BDN63CA;
				GENERATE_INFOPLIST_FILE = YES;
				INFOPLIST_FILE = CalculatorProgrammatically/Info.plist;
				INFOPLIST_KEY_UIApplicationSupportsIndirectInputEvents = YES;
				INFOPLIST_KEY_UILaunchStoryboardName = LaunchScreen;
				INFOPLIST_KEY_UISupportedInterfaceOrientations_iPad = "UIInterfaceOrientationPortrait UIInterfaceOrientationPortraitUpsideDown UIInterfaceOrientationLandscapeLeft UIInterfaceOrientationLandscapeRight";
				INFOPLIST_KEY_UISupportedInterfaceOrientations_iPhone = "UIInterfaceOrientationPortrait UIInterfaceOrientationLandscapeLeft UIInterfaceOrientationLandscapeRight";
				LD_RUNPATH_SEARCH_PATHS = (
					"$(inherited)",
					"@executable_path/Frameworks",
				);
				MARKETING_VERSION = 1.0;
				PRODUCT_BUNDLE_IDENTIFIER = com.damiraliyev.CalculatorProgrammatically;
				PRODUCT_NAME = "$(TARGET_NAME)";
				SWIFT_EMIT_LOC_STRINGS = YES;
				SWIFT_VERSION = 5.0;
				TARGETED_DEVICE_FAMILY = "1,2";
			};
			name = Debug;
		};
		6885AACD28D781AD009D4039 /* Release */ = {
			isa = XCBuildConfiguration;
			buildSettings = {
				ASSETCATALOG_COMPILER_APPICON_NAME = AppIcon;
				ASSETCATALOG_COMPILER_GLOBAL_ACCENT_COLOR_NAME = AccentColor;
				CODE_SIGN_STYLE = Automatic;
				CURRENT_PROJECT_VERSION = 1;
				DEVELOPMENT_TEAM = 3F7BDN63CA;
				GENERATE_INFOPLIST_FILE = YES;
				INFOPLIST_FILE = CalculatorProgrammatically/Info.plist;
				INFOPLIST_KEY_UIApplicationSupportsIndirectInputEvents = YES;
				INFOPLIST_KEY_UILaunchStoryboardName = LaunchScreen;
				INFOPLIST_KEY_UISupportedInterfaceOrientations_iPad = "UIInterfaceOrientationPortrait UIInterfaceOrientationPortraitUpsideDown UIInterfaceOrientationLandscapeLeft UIInterfaceOrientationLandscapeRight";
				INFOPLIST_KEY_UISupportedInterfaceOrientations_iPhone = "UIInterfaceOrientationPortrait UIInterfaceOrientationLandscapeLeft UIInterfaceOrientationLandscapeRight";
				LD_RUNPATH_SEARCH_PATHS = (
					"$(inherited)",
					"@executable_path/Frameworks",
				);
				MARKETING_VERSION = 1.0;
				PRODUCT_BUNDLE_IDENTIFIER = com.damiraliyev.CalculatorProgrammatically;
				PRODUCT_NAME = "$(TARGET_NAME)";
				SWIFT_EMIT_LOC_STRINGS = YES;
				SWIFT_VERSION = 5.0;
				TARGETED_DEVICE_FAMILY = "1,2";
			};
			name = Release;
		};
		6890911C28DCA4F200CF29E1 /* Debug */ = {
			isa = XCBuildConfiguration;
			buildSettings = {
				BUNDLE_LOADER = "$(TEST_HOST)";
				CODE_SIGN_STYLE = Automatic;
				CURRENT_PROJECT_VERSION = 1;
				DEVELOPMENT_TEAM = 3F7BDN63CA;
				GENERATE_INFOPLIST_FILE = YES;
				MARKETING_VERSION = 1.0;
				PRODUCT_BUNDLE_IDENTIFIER = com.damiraliyev.CalculatorProgrammaticallyTests;
				PRODUCT_NAME = "$(TARGET_NAME)";
				SWIFT_EMIT_LOC_STRINGS = NO;
				SWIFT_VERSION = 5.0;
				TARGETED_DEVICE_FAMILY = "1,2";
				TEST_HOST = "$(BUILT_PRODUCTS_DIR)/CalculatorProgrammatically.app/CalculatorProgrammatically";
			};
			name = Debug;
		};
		6890911D28DCA4F200CF29E1 /* Release */ = {
			isa = XCBuildConfiguration;
			buildSettings = {
				BUNDLE_LOADER = "$(TEST_HOST)";
				CODE_SIGN_STYLE = Automatic;
				CURRENT_PROJECT_VERSION = 1;
				DEVELOPMENT_TEAM = 3F7BDN63CA;
				GENERATE_INFOPLIST_FILE = YES;
				MARKETING_VERSION = 1.0;
				PRODUCT_BUNDLE_IDENTIFIER = com.damiraliyev.CalculatorProgrammaticallyTests;
				PRODUCT_NAME = "$(TARGET_NAME)";
				SWIFT_EMIT_LOC_STRINGS = NO;
				SWIFT_VERSION = 5.0;
				TARGETED_DEVICE_FAMILY = "1,2";
				TEST_HOST = "$(BUILT_PRODUCTS_DIR)/CalculatorProgrammatically.app/CalculatorProgrammatically";
			};
			name = Release;
		};
/* End XCBuildConfiguration section */

/* Begin XCConfigurationList section */
		6885AAB228D781AC009D4039 /* Build configuration list for PBXProject "CalculatorProgrammatically" */ = {
			isa = XCConfigurationList;
			buildConfigurations = (
				6885AAC928D781AD009D4039 /* Debug */,
				6885AACA28D781AD009D4039 /* Release */,
			);
			defaultConfigurationIsVisible = 0;
			defaultConfigurationName = Release;
		};
		6885AACB28D781AD009D4039 /* Build configuration list for PBXNativeTarget "CalculatorProgrammatically" */ = {
			isa = XCConfigurationList;
			buildConfigurations = (
				6885AACC28D781AD009D4039 /* Debug */,
				6885AACD28D781AD009D4039 /* Release */,
			);
			defaultConfigurationIsVisible = 0;
			defaultConfigurationName = Release;
		};
		6890911E28DCA4F200CF29E1 /* Build configuration list for PBXNativeTarget "CalculatorProgrammaticallyTests" */ = {
			isa = XCConfigurationList;
			buildConfigurations = (
				6890911C28DCA4F200CF29E1 /* Debug */,
				6890911D28DCA4F200CF29E1 /* Release */,
			);
			defaultConfigurationIsVisible = 0;
			defaultConfigurationName = Release;
		};
/* End XCConfigurationList section */
	};
	rootObject = 6885AAAF28D781AC009D4039 /* Project object */;
}
