// !$*UTF8*$!
{
	archiveVersion = 1;
	classes = {
	};
	objectVersion = 55;
	objects = {

/* Begin PBXBuildFile section */
		68038EC0289B6FA900DA975E /* LoginView.swift in Sources */ = {isa = PBXBuildFile; fileRef = 68038EBF289B6FA900DA975E /* LoginView.swift */; };
		68038EC4289BD31A00DA975E /* OnboardingContainerViewController.swift in Sources */ = {isa = PBXBuildFile; fileRef = 68038EC3289BD31A00DA975E /* OnboardingContainerViewController.swift */; };
		6862E394289CC88000BA2B9B /* OnboardingViewController.swift in Sources */ = {isa = PBXBuildFile; fileRef = 6862E393289CC88000BA2B9B /* OnboardingViewController.swift */; };
		6862E398289D16B900BA2B9B /* DummyViewController.swift in Sources */ = {isa = PBXBuildFile; fileRef = 6862E397289D16B900BA2B9B /* DummyViewController.swift */; };
		6862E39D289D290E00BA2B9B /* LocalState.swift in Sources */ = {isa = PBXBuildFile; fileRef = 6862E39C289D290E00BA2B9B /* LocalState.swift */; };
		686A208428A4B29A00E9D3BD /* NSNotificationName.swift in Sources */ = {isa = PBXBuildFile; fileRef = 686A208328A4B29A00E9D3BD /* NSNotificationName.swift */; };
		686A208628A4C91000E9D3BD /* UITextField+SecureToggle.swift in Sources */ = {isa = PBXBuildFile; fileRef = 686A208528A4C91000E9D3BD /* UITextField+SecureToggle.swift */; };
		686A208928A51C8500E9D3BD /* ShakeyBellView.swift in Sources */ = {isa = PBXBuildFile; fileRef = 686A208828A51C8500E9D3BD /* ShakeyBellView.swift */; };
		6872BA2128A37F77008FA4B3 /* Decimal+Utils.swift in Sources */ = {isa = PBXBuildFile; fileRef = 6872BA2028A37F77008FA4B3 /* Decimal+Utils.swift */; };
		6872BA2328A3801F008FA4B3 /* CurrencyFormatter.swift in Sources */ = {isa = PBXBuildFile; fileRef = 6872BA2228A3801F008FA4B3 /* CurrencyFormatter.swift */; };
		6872BA3228A3B070008FA4B3 /* CurrencyFormatterTest.swift in Sources */ = {isa = PBXBuildFile; fileRef = 6872BA3128A3B070008FA4B3 /* CurrencyFormatterTest.swift */; };
		689D80E128A11D8D005CF5A1 /* UIViewController+Utils.swift in Sources */ = {isa = PBXBuildFile; fileRef = 689D80E028A11D8D005CF5A1 /* UIViewController+Utils.swift */; };
		689D80E328A11F0F005CF5A1 /* MainViewController.swift in Sources */ = {isa = PBXBuildFile; fileRef = 689D80E228A11F0F005CF5A1 /* MainViewController.swift */; };
		68B3DFFF289A997700BDBDD8 /* AppDelegate.swift in Sources */ = {isa = PBXBuildFile; fileRef = 68B3DFFE289A997700BDBDD8 /* AppDelegate.swift */; };
		68B3E003289A997700BDBDD8 /* LoginViewController.swift in Sources */ = {isa = PBXBuildFile; fileRef = 68B3E002289A997700BDBDD8 /* LoginViewController.swift */; };
		68B3E008289A997900BDBDD8 /* Assets.xcassets in Resources */ = {isa = PBXBuildFile; fileRef = 68B3E007289A997900BDBDD8 /* Assets.xcassets */; };
		68B3E00B289A997900BDBDD8 /* LaunchScreen.storyboard in Resources */ = {isa = PBXBuildFile; fileRef = 68B3E009289A997900BDBDD8 /* LaunchScreen.storyboard */; };
		68DC2C0728A20BD300F6218D /* AccountSummaryViewController.swift in Sources */ = {isa = PBXBuildFile; fileRef = 68DC2C0628A20BD300F6218D /* AccountSummaryViewController.swift */; };
		68DC2C0928A21BF400F6218D /* AccountSummaryHeaderView.swift in Sources */ = {isa = PBXBuildFile; fileRef = 68DC2C0828A21BF300F6218D /* AccountSummaryHeaderView.swift */; };
		68DC2C0B28A21C2600F6218D /* AccountSummaryHeaderView.xib in Resources */ = {isa = PBXBuildFile; fileRef = 68DC2C0A28A21C2600F6218D /* AccountSummaryHeaderView.xib */; };
		68DC2C0F28A2555000F6218D /* AccountSummaryCell.swift in Sources */ = {isa = PBXBuildFile; fileRef = 68DC2C0E28A2555000F6218D /* AccountSummaryCell.swift */; };
/* End PBXBuildFile section */

/* Begin PBXContainerItemProxy section */
		6872BA2C28A3B055008FA4B3 /* PBXContainerItemProxy */ = {
			isa = PBXContainerItemProxy;
			containerPortal = 68B3DFF3289A997700BDBDD8 /* Project object */;
			proxyType = 1;
			remoteGlobalIDString = 68B3DFFA289A997700BDBDD8;
			remoteInfo = Bankey;
		};
/* End PBXContainerItemProxy section */

/* Begin PBXFileReference section */
		68038EBF289B6FA900DA975E /* LoginView.swift */ = {isa = PBXFileReference; lastKnownFileType = sourcecode.swift; path = LoginView.swift; sourceTree = "<group>"; };
		68038EC3289BD31A00DA975E /* OnboardingContainerViewController.swift */ = {isa = PBXFileReference; lastKnownFileType = sourcecode.swift; path = OnboardingContainerViewController.swift; sourceTree = "<group>"; };
		6862E393289CC88000BA2B9B /* OnboardingViewController.swift */ = {isa = PBXFileReference; lastKnownFileType = sourcecode.swift; path = OnboardingViewController.swift; sourceTree = "<group>"; };
		6862E397289D16B900BA2B9B /* DummyViewController.swift */ = {isa = PBXFileReference; lastKnownFileType = sourcecode.swift; path = DummyViewController.swift; sourceTree = "<group>"; };
		6862E39C289D290E00BA2B9B /* LocalState.swift */ = {isa = PBXFileReference; lastKnownFileType = sourcecode.swift; path = LocalState.swift; sourceTree = "<group>"; };
		686A208328A4B29A00E9D3BD /* NSNotificationName.swift */ = {isa = PBXFileReference; lastKnownFileType = sourcecode.swift; path = NSNotificationName.swift; sourceTree = "<group>"; };
		686A208528A4C91000E9D3BD /* UITextField+SecureToggle.swift */ = {isa = PBXFileReference; lastKnownFileType = sourcecode.swift; path = "UITextField+SecureToggle.swift"; sourceTree = "<group>"; };
		686A208828A51C8500E9D3BD /* ShakeyBellView.swift */ = {isa = PBXFileReference; lastKnownFileType = sourcecode.swift; path = ShakeyBellView.swift; sourceTree = "<group>"; };
		6872BA2028A37F77008FA4B3 /* Decimal+Utils.swift */ = {isa = PBXFileReference; lastKnownFileType = sourcecode.swift; path = "Decimal+Utils.swift"; sourceTree = "<group>"; };
		6872BA2228A3801F008FA4B3 /* CurrencyFormatter.swift */ = {isa = PBXFileReference; lastKnownFileType = sourcecode.swift; path = CurrencyFormatter.swift; sourceTree = "<group>"; };
		6872BA2828A3B055008FA4B3 /* BankeyUnitTests.xctest */ = {isa = PBXFileReference; explicitFileType = wrapper.cfbundle; includeInIndex = 0; path = BankeyUnitTests.xctest; sourceTree = BUILT_PRODUCTS_DIR; };
		6872BA3128A3B070008FA4B3 /* CurrencyFormatterTest.swift */ = {isa = PBXFileReference; lastKnownFileType = sourcecode.swift; path = CurrencyFormatterTest.swift; sourceTree = "<group>"; };
		689D80E028A11D8D005CF5A1 /* UIViewController+Utils.swift */ = {isa = PBXFileReference; lastKnownFileType = sourcecode.swift; path = "UIViewController+Utils.swift"; sourceTree = "<group>"; };
		689D80E228A11F0F005CF5A1 /* MainViewController.swift */ = {isa = PBXFileReference; lastKnownFileType = sourcecode.swift; path = MainViewController.swift; sourceTree = "<group>"; };
		68B3DFFB289A997700BDBDD8 /* Bankey.app */ = {isa = PBXFileReference; explicitFileType = wrapper.application; includeInIndex = 0; path = Bankey.app; sourceTree = BUILT_PRODUCTS_DIR; };
		68B3DFFE289A997700BDBDD8 /* AppDelegate.swift */ = {isa = PBXFileReference; lastKnownFileType = sourcecode.swift; path = AppDelegate.swift; sourceTree = "<group>"; };
		68B3E002289A997700BDBDD8 /* LoginViewController.swift */ = {isa = PBXFileReference; lastKnownFileType = sourcecode.swift; path = LoginViewController.swift; sourceTree = "<group>"; };
		68B3E007289A997900BDBDD8 /* Assets.xcassets */ = {isa = PBXFileReference; lastKnownFileType = folder.assetcatalog; path = Assets.xcassets; sourceTree = "<group>"; };
		68B3E00A289A997900BDBDD8 /* Base */ = {isa = PBXFileReference; lastKnownFileType = file.storyboard; name = Base; path = Base.lproj/LaunchScreen.storyboard; sourceTree = "<group>"; };
		68B3E00C289A997900BDBDD8 /* Info.plist */ = {isa = PBXFileReference; lastKnownFileType = text.plist.xml; path = Info.plist; sourceTree = "<group>"; };
		68DC2C0628A20BD300F6218D /* AccountSummaryViewController.swift */ = {isa = PBXFileReference; lastKnownFileType = sourcecode.swift; path = AccountSummaryViewController.swift; sourceTree = "<group>"; };
		68DC2C0828A21BF300F6218D /* AccountSummaryHeaderView.swift */ = {isa = PBXFileReference; lastKnownFileType = sourcecode.swift; path = AccountSummaryHeaderView.swift; sourceTree = "<group>"; };
		68DC2C0A28A21C2600F6218D /* AccountSummaryHeaderView.xib */ = {isa = PBXFileReference; lastKnownFileType = file.xib; path = AccountSummaryHeaderView.xib; sourceTree = "<group>"; };
		68DC2C0E28A2555000F6218D /* AccountSummaryCell.swift */ = {isa = PBXFileReference; lastKnownFileType = sourcecode.swift; path = AccountSummaryCell.swift; sourceTree = "<group>"; };
/* End PBXFileReference section */

/* Begin PBXFrameworksBuildPhase section */
		6872BA2528A3B055008FA4B3 /* Frameworks */ = {
			isa = PBXFrameworksBuildPhase;
			buildActionMask = 2147483647;
			files = (
			);
			runOnlyForDeploymentPostprocessing = 0;
		};
		68B3DFF8289A997700BDBDD8 /* Frameworks */ = {
			isa = PBXFrameworksBuildPhase;
			buildActionMask = 2147483647;
			files = (
			);
			runOnlyForDeploymentPostprocessing = 0;
		};
/* End PBXFrameworksBuildPhase section */

/* Begin PBXGroup section */
		68038EBD289B6F3900DA975E /* Files */ = {
			isa = PBXGroup;
			children = (
				68B3E007289A997900BDBDD8 /* Assets.xcassets */,
				68B3E009289A997900BDBDD8 /* LaunchScreen.storyboard */,
				68B3E00C289A997900BDBDD8 /* Info.plist */,
			);
			name = Files;
			sourceTree = "<group>";
		};
		68038EBE289B6F6B00DA975E /* Login */ = {
			isa = PBXGroup;
			children = (
				68B3E002289A997700BDBDD8 /* LoginViewController.swift */,
				68038EBF289B6FA900DA975E /* LoginView.swift */,
				6862E397289D16B900BA2B9B /* DummyViewController.swift */,
			);
			name = Login;
			sourceTree = "<group>";
		};
		68038EC2289BD26400DA975E /* Onboarding */ = {
			isa = PBXGroup;
			children = (
				68038EC3289BD31A00DA975E /* OnboardingContainerViewController.swift */,
				6862E393289CC88000BA2B9B /* OnboardingViewController.swift */,
			);
			name = Onboarding;
			sourceTree = "<group>";
		};
		6862E39B289D290000BA2B9B /* Utils */ = {
			isa = PBXGroup;
			children = (
				6862E39C289D290E00BA2B9B /* LocalState.swift */,
				689D80E028A11D8D005CF5A1 /* UIViewController+Utils.swift */,
				6872BA2028A37F77008FA4B3 /* Decimal+Utils.swift */,
				6872BA2228A3801F008FA4B3 /* CurrencyFormatter.swift */,
				686A208328A4B29A00E9D3BD /* NSNotificationName.swift */,
				686A208528A4C91000E9D3BD /* UITextField+SecureToggle.swift */,
			);
			name = Utils;
			sourceTree = "<group>";
		};
		686A208728A51C6300E9D3BD /* Components */ = {
			isa = PBXGroup;
			children = (
				686A208828A51C8500E9D3BD /* ShakeyBellView.swift */,
			);
			name = Components;
			sourceTree = "<group>";
		};
		6872BA2928A3B055008FA4B3 /* BankeyUnitTests */ = {
			isa = PBXGroup;
			children = (
				6872BA3128A3B070008FA4B3 /* CurrencyFormatterTest.swift */,
			);
			path = BankeyUnitTests;
			sourceTree = "<group>";
		};
		68B3DFF2289A997700BDBDD8 = {
			isa = PBXGroup;
			children = (
				68B3DFFD289A997700BDBDD8 /* Bankey */,
				6872BA2928A3B055008FA4B3 /* BankeyUnitTests */,
				68B3DFFC289A997700BDBDD8 /* Products */,
			);
			sourceTree = "<group>";
		};
		68B3DFFC289A997700BDBDD8 /* Products */ = {
			isa = PBXGroup;
			children = (
				68B3DFFB289A997700BDBDD8 /* Bankey.app */,
				6872BA2828A3B055008FA4B3 /* BankeyUnitTests.xctest */,
			);
			name = Products;
			sourceTree = "<group>";
		};
		68B3DFFD289A997700BDBDD8 /* Bankey */ = {
			isa = PBXGroup;
			children = (
				68B3DFFE289A997700BDBDD8 /* AppDelegate.swift */,
				689D80E228A11F0F005CF5A1 /* MainViewController.swift */,
				68038EBE289B6F6B00DA975E /* Login */,
				68038EC2289BD26400DA975E /* Onboarding */,
				68DC2C0528A20BA400F6218D /* AccountSummary */,
				6862E39B289D290000BA2B9B /* Utils */,
				686A208728A51C6300E9D3BD /* Components */,
				68038EBD289B6F3900DA975E /* Files */,
			);
			path = Bankey;
			sourceTree = "<group>";
		};
		68DC2C0528A20BA400F6218D /* AccountSummary */ = {
			isa = PBXGroup;
			children = (
				68DC2C0628A20BD300F6218D /* AccountSummaryViewController.swift */,
				68DC2C0C28A254C800F6218D /* Header */,
				68DC2C0D28A254F200F6218D /* Cells */,
			);
			name = AccountSummary;
			sourceTree = "<group>";
		};
		68DC2C0C28A254C800F6218D /* Header */ = {
			isa = PBXGroup;
			children = (
				68DC2C0828A21BF300F6218D /* AccountSummaryHeaderView.swift */,
				68DC2C0A28A21C2600F6218D /* AccountSummaryHeaderView.xib */,
			);
			name = Header;
			sourceTree = "<group>";
		};
		68DC2C0D28A254F200F6218D /* Cells */ = {
			isa = PBXGroup;
			children = (
				68DC2C0E28A2555000F6218D /* AccountSummaryCell.swift */,
			);
			name = Cells;
			sourceTree = "<group>";
		};
/* End PBXGroup section */

/* Begin PBXNativeTarget section */
		6872BA2728A3B055008FA4B3 /* BankeyUnitTests */ = {
			isa = PBXNativeTarget;
			buildConfigurationList = 6872BA2E28A3B055008FA4B3 /* Build configuration list for PBXNativeTarget "BankeyUnitTests" */;
			buildPhases = (
				6872BA2428A3B055008FA4B3 /* Sources */,
				6872BA2528A3B055008FA4B3 /* Frameworks */,
				6872BA2628A3B055008FA4B3 /* Resources */,
			);
			buildRules = (
			);
			dependencies = (
				6872BA2D28A3B055008FA4B3 /* PBXTargetDependency */,
			);
			name = BankeyUnitTests;
			productName = BankeyUnitTests;
			productReference = 6872BA2828A3B055008FA4B3 /* BankeyUnitTests.xctest */;
			productType = "com.apple.product-type.bundle.unit-test";
		};
		68B3DFFA289A997700BDBDD8 /* Bankey */ = {
			isa = PBXNativeTarget;
			buildConfigurationList = 68B3E00F289A997900BDBDD8 /* Build configuration list for PBXNativeTarget "Bankey" */;
			buildPhases = (
				68B3DFF7289A997700BDBDD8 /* Sources */,
				68B3DFF8289A997700BDBDD8 /* Frameworks */,
				68B3DFF9289A997700BDBDD8 /* Resources */,
			);
			buildRules = (
			);
			dependencies = (
			);
			name = Bankey;
			productName = Bankey;
			productReference = 68B3DFFB289A997700BDBDD8 /* Bankey.app */;
			productType = "com.apple.product-type.application";
		};
/* End PBXNativeTarget section */

/* Begin PBXProject section */
		68B3DFF3289A997700BDBDD8 /* Project object */ = {
			isa = PBXProject;
			attributes = {
				BuildIndependentTargetsInParallel = 1;
				LastSwiftUpdateCheck = 1340;
				LastUpgradeCheck = 1340;
				TargetAttributes = {
					6872BA2728A3B055008FA4B3 = {
						CreatedOnToolsVersion = 13.4;
						LastSwiftMigration = 1340;
						TestTargetID = 68B3DFFA289A997700BDBDD8;
					};
					68B3DFFA289A997700BDBDD8 = {
						CreatedOnToolsVersion = 13.4;
					};
				};
			};
			buildConfigurationList = 68B3DFF6289A997700BDBDD8 /* Build configuration list for PBXProject "Bankey" */;
			compatibilityVersion = "Xcode 13.0";
			developmentRegion = en;
			hasScannedForEncodings = 0;
			knownRegions = (
				en,
				Base,
			);
			mainGroup = 68B3DFF2289A997700BDBDD8;
			productRefGroup = 68B3DFFC289A997700BDBDD8 /* Products */;
			projectDirPath = "";
			projectRoot = "";
			targets = (
				68B3DFFA289A997700BDBDD8 /* Bankey */,
				6872BA2728A3B055008FA4B3 /* BankeyUnitTests */,
			);
		};
/* End PBXProject section */

/* Begin PBXResourcesBuildPhase section */
		6872BA2628A3B055008FA4B3 /* Resources */ = {
			isa = PBXResourcesBuildPhase;
			buildActionMask = 2147483647;
			files = (
			);
			runOnlyForDeploymentPostprocessing = 0;
		};
		68B3DFF9289A997700BDBDD8 /* Resources */ = {
			isa = PBXResourcesBuildPhase;
			buildActionMask = 2147483647;
			files = (
				68DC2C0B28A21C2600F6218D /* AccountSummaryHeaderView.xib in Resources */,
				68B3E00B289A997900BDBDD8 /* LaunchScreen.storyboard in Resources */,
				68B3E008289A997900BDBDD8 /* Assets.xcassets in Resources */,
			);
			runOnlyForDeploymentPostprocessing = 0;
		};
/* End PBXResourcesBuildPhase section */

/* Begin PBXSourcesBuildPhase section */
		6872BA2428A3B055008FA4B3 /* Sources */ = {
			isa = PBXSourcesBuildPhase;
			buildActionMask = 2147483647;
			files = (
				6872BA3228A3B070008FA4B3 /* CurrencyFormatterTest.swift in Sources */,
			);
			runOnlyForDeploymentPostprocessing = 0;
		};
		68B3DFF7289A997700BDBDD8 /* Sources */ = {
			isa = PBXSourcesBuildPhase;
			buildActionMask = 2147483647;
			files = (
				689D80E128A11D8D005CF5A1 /* UIViewController+Utils.swift in Sources */,
				68038EC0289B6FA900DA975E /* LoginView.swift in Sources */,
				6862E39D289D290E00BA2B9B /* LocalState.swift in Sources */,
				68DC2C0928A21BF400F6218D /* AccountSummaryHeaderView.swift in Sources */,
				686A208628A4C91000E9D3BD /* UITextField+SecureToggle.swift in Sources */,
				6862E398289D16B900BA2B9B /* DummyViewController.swift in Sources */,
				6872BA2328A3801F008FA4B3 /* CurrencyFormatter.swift in Sources */,
				6872BA2128A37F77008FA4B3 /* Decimal+Utils.swift in Sources */,
				686A208428A4B29A00E9D3BD /* NSNotificationName.swift in Sources */,
				68B3E003289A997700BDBDD8 /* LoginViewController.swift in Sources */,
				686A208928A51C8500E9D3BD /* ShakeyBellView.swift in Sources */,
				68DC2C0F28A2555000F6218D /* AccountSummaryCell.swift in Sources */,
				6862E394289CC88000BA2B9B /* OnboardingViewController.swift in Sources */,
				689D80E328A11F0F005CF5A1 /* MainViewController.swift in Sources */,
				68DC2C0728A20BD300F6218D /* AccountSummaryViewController.swift in Sources */,
				68B3DFFF289A997700BDBDD8 /* AppDelegate.swift in Sources */,
				68038EC4289BD31A00DA975E /* OnboardingContainerViewController.swift in Sources */,
			);
			runOnlyForDeploymentPostprocessing = 0;
		};
/* End PBXSourcesBuildPhase section */

/* Begin PBXTargetDependency section */
		6872BA2D28A3B055008FA4B3 /* PBXTargetDependency */ = {
			isa = PBXTargetDependency;
			target = 68B3DFFA289A997700BDBDD8 /* Bankey */;
			targetProxy = 6872BA2C28A3B055008FA4B3 /* PBXContainerItemProxy */;
		};
/* End PBXTargetDependency section */

/* Begin PBXVariantGroup section */
		68B3E009289A997900BDBDD8 /* LaunchScreen.storyboard */ = {
			isa = PBXVariantGroup;
			children = (
				68B3E00A289A997900BDBDD8 /* Base */,
			);
			name = LaunchScreen.storyboard;
			sourceTree = "<group>";
		};
/* End PBXVariantGroup section */

/* Begin XCBuildConfiguration section */
		6872BA2F28A3B055008FA4B3 /* Debug */ = {
			isa = XCBuildConfiguration;
			buildSettings = {
				BUNDLE_LOADER = "$(TEST_HOST)";
				CLANG_ENABLE_MODULES = YES;
				CODE_SIGN_STYLE = Automatic;
				CURRENT_PROJECT_VERSION = 1;
				DEVELOPMENT_TEAM = 3F7BDN63CA;
				GENERATE_INFOPLIST_FILE = YES;
				LD_RUNPATH_SEARCH_PATHS = (
					"$(inherited)",
					"@executable_path/Frameworks",
					"@loader_path/Frameworks",
				);
				MARKETING_VERSION = 1.0;
				PRODUCT_BUNDLE_IDENTIFIER = com.damiraliyev.BankeyUnitTests;
				PRODUCT_NAME = "$(TARGET_NAME)";
				SWIFT_EMIT_LOC_STRINGS = NO;
				SWIFT_OPTIMIZATION_LEVEL = "-Onone";
				SWIFT_VERSION = 5.0;
				TARGETED_DEVICE_FAMILY = "1,2";
				TEST_HOST = "$(BUILT_PRODUCTS_DIR)/Bankey.app/Bankey";
			};
			name = Debug;
		};
		6872BA3028A3B055008FA4B3 /* Release */ = {
			isa = XCBuildConfiguration;
			buildSettings = {
				BUNDLE_LOADER = "$(TEST_HOST)";
				CLANG_ENABLE_MODULES = YES;
				CODE_SIGN_STYLE = Automatic;
				CURRENT_PROJECT_VERSION = 1;
				DEVELOPMENT_TEAM = 3F7BDN63CA;
				GENERATE_INFOPLIST_FILE = YES;
				LD_RUNPATH_SEARCH_PATHS = (
					"$(inherited)",
					"@executable_path/Frameworks",
					"@loader_path/Frameworks",
				);
				MARKETING_VERSION = 1.0;
				PRODUCT_BUNDLE_IDENTIFIER = com.damiraliyev.BankeyUnitTests;
				PRODUCT_NAME = "$(TARGET_NAME)";
				SWIFT_EMIT_LOC_STRINGS = NO;
				SWIFT_VERSION = 5.0;
				TARGETED_DEVICE_FAMILY = "1,2";
				TEST_HOST = "$(BUILT_PRODUCTS_DIR)/Bankey.app/Bankey";
			};
			name = Release;
		};
		68B3E00D289A997900BDBDD8 /* Debug */ = {
			isa = XCBuildConfiguration;
			buildSettings = {
				ALWAYS_SEARCH_USER_PATHS = NO;
				CLANG_ANALYZER_NONNULL = YES;
				CLANG_ANALYZER_NUMBER_OBJECT_CONVERSION = YES_AGGRESSIVE;
				CLANG_CXX_LANGUAGE_STANDARD = "gnu++17";
				CLANG_ENABLE_MODULES = YES;
				CLANG_ENABLE_OBJC_ARC = YES;
				CLANG_ENABLE_OBJC_WEAK = YES;
				CLANG_WARN_BLOCK_CAPTURE_AUTORELEASING = YES;
				CLANG_WARN_BOOL_CONVERSION = YES;
				CLANG_WARN_COMMA = YES;
				CLANG_WARN_CONSTANT_CONVERSION = YES;
				CLANG_WARN_DEPRECATED_OBJC_IMPLEMENTATIONS = YES;
				CLANG_WARN_DIRECT_OBJC_ISA_USAGE = YES_ERROR;
				CLANG_WARN_DOCUMENTATION_COMMENTS = YES;
				CLANG_WARN_EMPTY_BODY = YES;
				CLANG_WARN_ENUM_CONVERSION = YES;
				CLANG_WARN_INFINITE_RECURSION = YES;
				CLANG_WARN_INT_CONVERSION = YES;
				CLANG_WARN_NON_LITERAL_NULL_CONVERSION = YES;
				CLANG_WARN_OBJC_IMPLICIT_RETAIN_SELF = YES;
				CLANG_WARN_OBJC_LITERAL_CONVERSION = YES;
				CLANG_WARN_OBJC_ROOT_CLASS = YES_ERROR;
				CLANG_WARN_QUOTED_INCLUDE_IN_FRAMEWORK_HEADER = YES;
				CLANG_WARN_RANGE_LOOP_ANALYSIS = YES;
				CLANG_WARN_STRICT_PROTOTYPES = YES;
				CLANG_WARN_SUSPICIOUS_MOVE = YES;
				CLANG_WARN_UNGUARDED_AVAILABILITY = YES_AGGRESSIVE;
				CLANG_WARN_UNREACHABLE_CODE = YES;
				CLANG_WARN__DUPLICATE_METHOD_MATCH = YES;
				COPY_PHASE_STRIP = NO;
				DEBUG_INFORMATION_FORMAT = dwarf;
				ENABLE_STRICT_OBJC_MSGSEND = YES;
				ENABLE_TESTABILITY = YES;
				GCC_C_LANGUAGE_STANDARD = gnu11;
				GCC_DYNAMIC_NO_PIC = NO;
				GCC_NO_COMMON_BLOCKS = YES;
				GCC_OPTIMIZATION_LEVEL = 0;
				GCC_PREPROCESSOR_DEFINITIONS = (
					"DEBUG=1",
					"$(inherited)",
				);
				GCC_WARN_64_TO_32_BIT_CONVERSION = YES;
				GCC_WARN_ABOUT_RETURN_TYPE = YES_ERROR;
				GCC_WARN_UNDECLARED_SELECTOR = YES;
				GCC_WARN_UNINITIALIZED_AUTOS = YES_AGGRESSIVE;
				GCC_WARN_UNUSED_FUNCTION = YES;
				GCC_WARN_UNUSED_VARIABLE = YES;
				IPHONEOS_DEPLOYMENT_TARGET = 15.5;
				MTL_ENABLE_DEBUG_INFO = INCLUDE_SOURCE;
				MTL_FAST_MATH = YES;
				ONLY_ACTIVE_ARCH = YES;
				SDKROOT = iphoneos;
				SWIFT_ACTIVE_COMPILATION_CONDITIONS = DEBUG;
				SWIFT_OPTIMIZATION_LEVEL = "-Onone";
			};
			name = Debug;
		};
		68B3E00E289A997900BDBDD8 /* Release */ = {
			isa = XCBuildConfiguration;
			buildSettings = {
				ALWAYS_SEARCH_USER_PATHS = NO;
				CLANG_ANALYZER_NONNULL = YES;
				CLANG_ANALYZER_NUMBER_OBJECT_CONVERSION = YES_AGGRESSIVE;
				CLANG_CXX_LANGUAGE_STANDARD = "gnu++17";
				CLANG_ENABLE_MODULES = YES;
				CLANG_ENABLE_OBJC_ARC = YES;
				CLANG_ENABLE_OBJC_WEAK = YES;
				CLANG_WARN_BLOCK_CAPTURE_AUTORELEASING = YES;
				CLANG_WARN_BOOL_CONVERSION = YES;
				CLANG_WARN_COMMA = YES;
				CLANG_WARN_CONSTANT_CONVERSION = YES;
				CLANG_WARN_DEPRECATED_OBJC_IMPLEMENTATIONS = YES;
				CLANG_WARN_DIRECT_OBJC_ISA_USAGE = YES_ERROR;
				CLANG_WARN_DOCUMENTATION_COMMENTS = YES;
				CLANG_WARN_EMPTY_BODY = YES;
				CLANG_WARN_ENUM_CONVERSION = YES;
				CLANG_WARN_INFINITE_RECURSION = YES;
				CLANG_WARN_INT_CONVERSION = YES;
				CLANG_WARN_NON_LITERAL_NULL_CONVERSION = YES;
				CLANG_WARN_OBJC_IMPLICIT_RETAIN_SELF = YES;
				CLANG_WARN_OBJC_LITERAL_CONVERSION = YES;
				CLANG_WARN_OBJC_ROOT_CLASS = YES_ERROR;
				CLANG_WARN_QUOTED_INCLUDE_IN_FRAMEWORK_HEADER = YES;
				CLANG_WARN_RANGE_LOOP_ANALYSIS = YES;
				CLANG_WARN_STRICT_PROTOTYPES = YES;
				CLANG_WARN_SUSPICIOUS_MOVE = YES;
				CLANG_WARN_UNGUARDED_AVAILABILITY = YES_AGGRESSIVE;
				CLANG_WARN_UNREACHABLE_CODE = YES;
				CLANG_WARN__DUPLICATE_METHOD_MATCH = YES;
				COPY_PHASE_STRIP = NO;
				DEBUG_INFORMATION_FORMAT = "dwarf-with-dsym";
				ENABLE_NS_ASSERTIONS = NO;
				ENABLE_STRICT_OBJC_MSGSEND = YES;
				GCC_C_LANGUAGE_STANDARD = gnu11;
				GCC_NO_COMMON_BLOCKS = YES;
				GCC_WARN_64_TO_32_BIT_CONVERSION = YES;
				GCC_WARN_ABOUT_RETURN_TYPE = YES_ERROR;
				GCC_WARN_UNDECLARED_SELECTOR = YES;
				GCC_WARN_UNINITIALIZED_AUTOS = YES_AGGRESSIVE;
				GCC_WARN_UNUSED_FUNCTION = YES;
				GCC_WARN_UNUSED_VARIABLE = YES;
				IPHONEOS_DEPLOYMENT_TARGET = 15.5;
				MTL_ENABLE_DEBUG_INFO = NO;
				MTL_FAST_MATH = YES;
				SDKROOT = iphoneos;
				SWIFT_COMPILATION_MODE = wholemodule;
				SWIFT_OPTIMIZATION_LEVEL = "-O";
				VALIDATE_PRODUCT = YES;
			};
			name = Release;
		};
		68B3E010289A997900BDBDD8 /* Debug */ = {
			isa = XCBuildConfiguration;
			buildSettings = {
				ASSETCATALOG_COMPILER_APPICON_NAME = AppIcon;
				ASSETCATALOG_COMPILER_GLOBAL_ACCENT_COLOR_NAME = AccentColor;
				CODE_SIGN_STYLE = Automatic;
				CURRENT_PROJECT_VERSION = 1;
				DEVELOPMENT_TEAM = 3F7BDN63CA;
				GENERATE_INFOPLIST_FILE = YES;
				INFOPLIST_FILE = Bankey/Info.plist;
				INFOPLIST_KEY_UIApplicationSupportsIndirectInputEvents = YES;
				INFOPLIST_KEY_UILaunchStoryboardName = LaunchScreen;
				INFOPLIST_KEY_UISupportedInterfaceOrientations_iPad = "UIInterfaceOrientationPortrait UIInterfaceOrientationPortraitUpsideDown UIInterfaceOrientationLandscapeLeft UIInterfaceOrientationLandscapeRight";
				INFOPLIST_KEY_UISupportedInterfaceOrientations_iPhone = "UIInterfaceOrientationPortrait UIInterfaceOrientationLandscapeLeft UIInterfaceOrientationLandscapeRight";
				LD_RUNPATH_SEARCH_PATHS = (
					"$(inherited)",
					"@executable_path/Frameworks",
				);
				MARKETING_VERSION = 1.0;
				PRODUCT_BUNDLE_IDENTIFIER = com.damiraliyev.Bankey;
				PRODUCT_NAME = "$(TARGET_NAME)";
				SWIFT_EMIT_LOC_STRINGS = YES;
				SWIFT_VERSION = 5.0;
				TARGETED_DEVICE_FAMILY = "1,2";
			};
			name = Debug;
		};
		68B3E011289A997900BDBDD8 /* Release */ = {
			isa = XCBuildConfiguration;
			buildSettings = {
				ASSETCATALOG_COMPILER_APPICON_NAME = AppIcon;
				ASSETCATALOG_COMPILER_GLOBAL_ACCENT_COLOR_NAME = AccentColor;
				CODE_SIGN_STYLE = Automatic;
				CURRENT_PROJECT_VERSION = 1;
				DEVELOPMENT_TEAM = 3F7BDN63CA;
				GENERATE_INFOPLIST_FILE = YES;
				INFOPLIST_FILE = Bankey/Info.plist;
				INFOPLIST_KEY_UIApplicationSupportsIndirectInputEvents = YES;
				INFOPLIST_KEY_UILaunchStoryboardName = LaunchScreen;
				INFOPLIST_KEY_UISupportedInterfaceOrientations_iPad = "UIInterfaceOrientationPortrait UIInterfaceOrientationPortraitUpsideDown UIInterfaceOrientationLandscapeLeft UIInterfaceOrientationLandscapeRight";
				INFOPLIST_KEY_UISupportedInterfaceOrientations_iPhone = "UIInterfaceOrientationPortrait UIInterfaceOrientationLandscapeLeft UIInterfaceOrientationLandscapeRight";
				LD_RUNPATH_SEARCH_PATHS = (
					"$(inherited)",
					"@executable_path/Frameworks",
				);
				MARKETING_VERSION = 1.0;
				PRODUCT_BUNDLE_IDENTIFIER = com.damiraliyev.Bankey;
				PRODUCT_NAME = "$(TARGET_NAME)";
				SWIFT_EMIT_LOC_STRINGS = YES;
				SWIFT_VERSION = 5.0;
				TARGETED_DEVICE_FAMILY = "1,2";
			};
			name = Release;
		};
/* End XCBuildConfiguration section */

/* Begin XCConfigurationList section */
		6872BA2E28A3B055008FA4B3 /* Build configuration list for PBXNativeTarget "BankeyUnitTests" */ = {
			isa = XCConfigurationList;
			buildConfigurations = (
				6872BA2F28A3B055008FA4B3 /* Debug */,
				6872BA3028A3B055008FA4B3 /* Release */,
			);
			defaultConfigurationIsVisible = 0;
			defaultConfigurationName = Release;
		};
		68B3DFF6289A997700BDBDD8 /* Build configuration list for PBXProject "Bankey" */ = {
			isa = XCConfigurationList;
			buildConfigurations = (
				68B3E00D289A997900BDBDD8 /* Debug */,
				68B3E00E289A997900BDBDD8 /* Release */,
			);
			defaultConfigurationIsVisible = 0;
			defaultConfigurationName = Release;
		};
		68B3E00F289A997900BDBDD8 /* Build configuration list for PBXNativeTarget "Bankey" */ = {
			isa = XCConfigurationList;
			buildConfigurations = (
				68B3E010289A997900BDBDD8 /* Debug */,
				68B3E011289A997900BDBDD8 /* Release */,
			);
			defaultConfigurationIsVisible = 0;
			defaultConfigurationName = Release;
		};
/* End XCConfigurationList section */
	};
	rootObject = 68B3DFF3289A997700BDBDD8 /* Project object */;
}
